// !$*UTF8*$!
{
	archiveVersion = 1;
	classes = {
	};
	objectVersion = 46;
	objects = {

/* Begin PBXBuildFile section */
		C4A6FD701D615A1800554097 /* AppDelegate.swift in Sources */ = {isa = PBXBuildFile; fileRef = C4A6FD6F1D615A1800554097 /* AppDelegate.swift */; };
		C4A6FD751D615A1800554097 /* Main.storyboard in Resources */ = {isa = PBXBuildFile; fileRef = C4A6FD731D615A1800554097 /* Main.storyboard */; };
		C4A6FD771D615A1900554097 /* Assets.xcassets in Resources */ = {isa = PBXBuildFile; fileRef = C4A6FD761D615A1900554097 /* Assets.xcassets */; };
		C4A6FD7A1D615A1900554097 /* LaunchScreen.storyboard in Resources */ = {isa = PBXBuildFile; fileRef = C4A6FD781D615A1900554097 /* LaunchScreen.storyboard */; };
		C4A6FD821D615A4F00554097 /* CoreImage.framework in Frameworks */ = {isa = PBXBuildFile; fileRef = C4A6FD811D615A4F00554097 /* CoreImage.framework */; };
		C4A6FD871D61626900554097 /* MainTVC.swift in Sources */ = {isa = PBXBuildFile; fileRef = C4A6FD861D61626900554097 /* MainTVC.swift */; };
		C4A6FD891D62B9B300554097 /* ScrollBarPanel.xib in Resources */ = {isa = PBXBuildFile; fileRef = C4A6FD881D62B9B300554097 /* ScrollBarPanel.xib */; };
		C4A6FD8B1D62BB1400554097 /* BlurVC.swift in Sources */ = {isa = PBXBuildFile; fileRef = C4A6FD8A1D62BB1400554097 /* BlurVC.swift */; };
		C4A6FD8D1D62CF7700554097 /* BlurSelectVC.swift in Sources */ = {isa = PBXBuildFile; fileRef = C4A6FD8C1D62CF7700554097 /* BlurSelectVC.swift */; };
		C4A6FD8F1D63FCD000554097 /* DetectorVC.swift in Sources */ = {isa = PBXBuildFile; fileRef = C4A6FD8E1D63FCD000554097 /* DetectorVC.swift */; };
/* End PBXBuildFile section */

/* Begin PBXFileReference section */
		C4A6FD6C1D615A1800554097 /* CoreImageTest.app */ = {isa = PBXFileReference; explicitFileType = wrapper.application; includeInIndex = 0; path = CoreImageTest.app; sourceTree = BUILT_PRODUCTS_DIR; };
		C4A6FD6F1D615A1800554097 /* AppDelegate.swift */ = {isa = PBXFileReference; lastKnownFileType = sourcecode.swift; path = AppDelegate.swift; sourceTree = "<group>"; };
		C4A6FD741D615A1800554097 /* Base */ = {isa = PBXFileReference; lastKnownFileType = file.storyboard; name = Base; path = Base.lproj/Main.storyboard; sourceTree = "<group>"; };
		C4A6FD761D615A1900554097 /* Assets.xcassets */ = {isa = PBXFileReference; lastKnownFileType = folder.assetcatalog; path = Assets.xcassets; sourceTree = "<group>"; };
		C4A6FD791D615A1900554097 /* Base */ = {isa = PBXFileReference; lastKnownFileType = file.storyboard; name = Base; path = Base.lproj/LaunchScreen.storyboard; sourceTree = "<group>"; };
		C4A6FD7B1D615A1900554097 /* Info.plist */ = {isa = PBXFileReference; lastKnownFileType = text.plist.xml; path = Info.plist; sourceTree = "<group>"; };
		C4A6FD811D615A4F00554097 /* CoreImage.framework */ = {isa = PBXFileReference; lastKnownFileType = wrapper.framework; name = CoreImage.framework; path = System/Library/Frameworks/CoreImage.framework; sourceTree = SDKROOT; };
		C4A6FD861D61626900554097 /* MainTVC.swift */ = {isa = PBXFileReference; fileEncoding = 4; lastKnownFileType = sourcecode.swift; path = MainTVC.swift; sourceTree = "<group>"; };
		C4A6FD881D62B9B300554097 /* ScrollBarPanel.xib */ = {isa = PBXFileReference; fileEncoding = 4; lastKnownFileType = file.xib; path = ScrollBarPanel.xib; sourceTree = "<group>"; };
		C4A6FD8A1D62BB1400554097 /* BlurVC.swift */ = {isa = PBXFileReference; fileEncoding = 4; lastKnownFileType = sourcecode.swift; path = BlurVC.swift; sourceTree = "<group>"; };
		C4A6FD8C1D62CF7700554097 /* BlurSelectVC.swift */ = {isa = PBXFileReference; fileEncoding = 4; lastKnownFileType = sourcecode.swift; path = BlurSelectVC.swift; sourceTree = "<group>"; };
		C4A6FD8E1D63FCD000554097 /* DetectorVC.swift */ = {isa = PBXFileReference; fileEncoding = 4; lastKnownFileType = sourcecode.swift; path = DetectorVC.swift; sourceTree = "<group>"; };
/* End PBXFileReference section */

/* Begin PBXFrameworksBuildPhase section */
		C4A6FD691D615A1800554097 /* Frameworks */ = {
			isa = PBXFrameworksBuildPhase;
			buildActionMask = 2147483647;
			files = (
				C4A6FD821D615A4F00554097 /* CoreImage.framework in Frameworks */,
			);
			runOnlyForDeploymentPostprocessing = 0;
		};
/* End PBXFrameworksBuildPhase section */

/* Begin PBXGroup section */
		C4A6FD631D615A1800554097 = {
			isa = PBXGroup;
			children = (
				C4A6FD811D615A4F00554097 /* CoreImage.framework */,
				C4A6FD6E1D615A1800554097 /* CoreImageTest */,
				C4A6FD6D1D615A1800554097 /* Products */,
			);
			sourceTree = "<group>";
		};
		C4A6FD6D1D615A1800554097 /* Products */ = {
			isa = PBXGroup;
			children = (
				C4A6FD6C1D615A1800554097 /* CoreImageTest.app */,
			);
			name = Products;
			sourceTree = "<group>";
		};
		C4A6FD6E1D615A1800554097 /* CoreImageTest */ = {
			isa = PBXGroup;
			children = (
				C4A6FD6F1D615A1800554097 /* AppDelegate.swift */,
				C4A6FD861D61626900554097 /* MainTVC.swift */,
				C4A6FD8A1D62BB1400554097 /* BlurVC.swift */,
				C4A6FD8C1D62CF7700554097 /* BlurSelectVC.swift */,
				C4A6FD8E1D63FCD000554097 /* DetectorVC.swift */,
				C4A6FD831D615BB500554097 /* Resources */,
			);
			name = CoreImageTest;
			path = "CoreImageTest\\";
			sourceTree = "<group>";
		};
		C4A6FD831D615BB500554097 /* Resources */ = {
			isa = PBXGroup;
			children = (
				C4A6FD731D615A1800554097 /* Main.storyboard */,
				C4A6FD781D615A1900554097 /* LaunchScreen.storyboard */,
				C4A6FD881D62B9B300554097 /* ScrollBarPanel.xib */,
				C4A6FD7B1D615A1900554097 /* Info.plist */,
				C4A6FD761D615A1900554097 /* Assets.xcassets */,
			);
			name = Resources;
			sourceTree = "<group>";
		};
/* End PBXGroup section */

/* Begin PBXNativeTarget section */
		C4A6FD6B1D615A1800554097 /* CoreImageTest */ = {
			isa = PBXNativeTarget;
			buildConfigurationList = C4A6FD7E1D615A1900554097 /* Build configuration list for PBXNativeTarget "CoreImageTest" */;
			buildPhases = (
				C4A6FD681D615A1800554097 /* Sources */,
				C4A6FD691D615A1800554097 /* Frameworks */,
				C4A6FD6A1D615A1800554097 /* Resources */,
			);
			buildRules = (
			);
			dependencies = (
			);
			name = CoreImageTest;
			productName = "CoreImageTest\\";
			productReference = C4A6FD6C1D615A1800554097 /* CoreImageTest.app */;
			productType = "com.apple.product-type.application";
		};
/* End PBXNativeTarget section */

/* Begin PBXProject section */
		C4A6FD641D615A1800554097 /* Project object */ = {
			isa = PBXProject;
			attributes = {
				LastSwiftUpdateCheck = 0730;
				LastUpgradeCheck = 0730;
				ORGANIZATIONNAME = misuqian;
				TargetAttributes = {
					C4A6FD6B1D615A1800554097 = {
						CreatedOnToolsVersion = 7.3.1;
					};
				};
			};
			buildConfigurationList = C4A6FD671D615A1800554097 /* Build configuration list for PBXProject "CoreImageTest" */;
			compatibilityVersion = "Xcode 3.2";
			developmentRegion = English;
			hasScannedForEncodings = 0;
			knownRegions = (
				en,
				Base,
			);
			mainGroup = C4A6FD631D615A1800554097;
			productRefGroup = C4A6FD6D1D615A1800554097 /* Products */;
			projectDirPath = "";
			projectRoot = "";
			targets = (
				C4A6FD6B1D615A1800554097 /* CoreImageTest */,
			);
		};
/* End PBXProject section */

/* Begin PBXResourcesBuildPhase section */
		C4A6FD6A1D615A1800554097 /* Resources */ = {
			isa = PBXResourcesBuildPhase;
			buildActionMask = 2147483647;
			files = (
				C4A6FD7A1D615A1900554097 /* LaunchScreen.storyboard in Resources */,
				C4A6FD771D615A1900554097 /* Assets.xcassets in Resources */,
				C4A6FD751D615A1800554097 /* Main.storyboard in Resources */,
				C4A6FD891D62B9B300554097 /* ScrollBarPanel.xib in Resources */,
			);
			runOnlyForDeploymentPostprocessing = 0;
		};
/* End PBXResourcesBuildPhase section */

/* Begin PBXSourcesBuildPhase section */
		C4A6FD681D615A1800554097 /* Sources */ = {
			isa = PBXSourcesBuildPhase;
			buildActionMask = 2147483647;
			files = (
				C4A6FD871D61626900554097 /* MainTVC.swift in Sources */,
				C4A6FD8B1D62BB1400554097 /* BlurVC.swift in Sources */,
				C4A6FD8F1D63FCD000554097 /* DetectorVC.swift in Sources */,
				C4A6FD701D615A1800554097 /* AppDelegate.swift in Sources */,
				C4A6FD8D1D62CF7700554097 /* BlurSelectVC.swift in Sources */,
			);
			runOnlyForDeploymentPostprocessing = 0;
		};
/* End PBXSourcesBuildPhase section */

/* Begin PBXVariantGroup section */
		C4A6FD731D615A1800554097 /* Main.storyboard */ = {
			isa = PBXVariantGroup;
			children = (
				C4A6FD741D615A1800554097 /* Base */,
			);
			name = Main.storyboard;
			sourceTree = "<group>";
		};
		C4A6FD781D615A1900554097 /* LaunchScreen.storyboard */ = {
			isa = PBXVariantGroup;
			children = (
				C4A6FD791D615A1900554097 /* Base */,
			);
			name = LaunchScreen.storyboard;
			sourceTree = "<group>";
		};
/* End PBXVariantGroup section */

/* Begin XCBuildConfiguration section */
		C4A6FD7C1D615A1900554097 /* Debug */ = {
			isa = XCBuildConfiguration;
			buildSettings = {
				ALWAYS_SEARCH_USER_PATHS = NO;
				CLANG_ANALYZER_NONNULL = YES;
				CLANG_CXX_LANGUAGE_STANDARD = "gnu++0x";
				CLANG_CXX_LIBRARY = "libc++";
				CLANG_ENABLE_MODULES = YES;
				CLANG_ENABLE_OBJC_ARC = YES;
				CLANG_WARN_BOOL_CONVERSION = YES;
				CLANG_WARN_CONSTANT_CONVERSION = YES;
				CLANG_WARN_DIRECT_OBJC_ISA_USAGE = YES_ERROR;
				CLANG_WARN_EMPTY_BODY = YES;
				CLANG_WARN_ENUM_CONVERSION = YES;
				CLANG_WARN_INT_CONVERSION = YES;
				CLANG_WARN_OBJC_ROOT_CLASS = YES_ERROR;
				CLANG_WARN_UNREACHABLE_CODE = YES;
				CLANG_WARN__DUPLICATE_METHOD_MATCH = YES;
				"CODE_SIGN_IDENTITY[sdk=iphoneos*]" = "iPhone Developer";
				COPY_PHASE_STRIP = NO;
				DEBUG_INFORMATION_FORMAT = dwarf;
				ENABLE_STRICT_OBJC_MSGSEND = YES;
				ENABLE_TESTABILITY = YES;
				GCC_C_LANGUAGE_STANDARD = gnu99;
				GCC_DYNAMIC_NO_PIC = NO;
				GCC_NO_COMMON_BLOCKS = YES;
				GCC_OPTIMIZATION_LEVEL = 0;
				GCC_PREPROCESSOR_DEFINITIONS = (
					"DEBUG=1",
					"$(inherited)",
				);
				GCC_WARN_64_TO_32_BIT_CONVERSION = YES;
				GCC_WARN_ABOUT_RETURN_TYPE = YES_ERROR;
				GCC_WARN_UNDECLARED_SELECTOR = YES;
				GCC_WARN_UNINITIALIZED_AUTOS = YES_AGGRESSIVE;
				GCC_WARN_UNUSED_FUNCTION = YES;
				GCC_WARN_UNUSED_VARIABLE = YES;
				IPHONEOS_DEPLOYMENT_TARGET = 9.3;
				MTL_ENABLE_DEBUG_INFO = YES;
				ONLY_ACTIVE_ARCH = YES;
				SDKROOT = iphoneos;
				SWIFT_OPTIMIZATION_LEVEL = "-Onone";
				TARGETED_DEVICE_FAMILY = "1,2";
			};
			name = Debug;
		};
		C4A6FD7D1D615A1900554097 /* Release */ = {
			isa = XCBuildConfiguration;
			buildSettings = {
				ALWAYS_SEARCH_USER_PATHS = NO;
				CLANG_ANALYZER_NONNULL = YES;
				CLANG_CXX_LANGUAGE_STANDARD = "gnu++0x";
				CLANG_CXX_LIBRARY = "libc++";
				CLANG_ENABLE_MODULES = YES;
				CLANG_ENABLE_OBJC_ARC = YES;
				CLANG_WARN_BOOL_CONVERSION = YES;
				CLANG_WARN_CONSTANT_CONVERSION = YES;
				CLANG_WARN_DIRECT_OBJC_ISA_USAGE = YES_ERROR;
				CLANG_WARN_EMPTY_BODY = YES;
				CLANG_WARN_ENUM_CONVERSION = YES;
				CLANG_WARN_INT_CONVERSION = YES;
				CLANG_WARN_OBJC_ROOT_CLASS = YES_ERROR;
				CLANG_WARN_UNREACHABLE_CODE = YES;
				CLANG_WARN__DUPLICATE_METHOD_MATCH = YES;
				"CODE_SIGN_IDENTITY[sdk=iphoneos*]" = "iPhone Developer";
				COPY_PHASE_STRIP = NO;
				DEBUG_INFORMATION_FORMAT = "dwarf-with-dsym";
				ENABLE_NS_ASSERTIONS = NO;
				ENABLE_STRICT_OBJC_MSGSEND = YES;
				GCC_C_LANGUAGE_STANDARD = gnu99;
				GCC_NO_COMMON_BLOCKS = YES;
				GCC_WARN_64_TO_32_BIT_CONVERSION = YES;
				GCC_WARN_ABOUT_RETURN_TYPE = YES_ERROR;
				GCC_WARN_UNDECLARED_SELECTOR = YES;
				GCC_WARN_UNINITIALIZED_AUTOS = YES_AGGRESSIVE;
				GCC_WARN_UNUSED_FUNCTION = YES;
				GCC_WARN_UNUSED_VARIABLE = YES;
				IPHONEOS_DEPLOYMENT_TARGET = 9.3;
				MTL_ENABLE_DEBUG_INFO = NO;
				SDKROOT = iphoneos;
				TARGETED_DEVICE_FAMILY = "1,2";
				VALIDATE_PRODUCT = YES;
			};
			name = Release;
		};
		C4A6FD7F1D615A1900554097 /* Debug */ = {
			isa = XCBuildConfiguration;
			buildSettings = {
				ASSETCATALOG_COMPILER_APPICON_NAME = AppIcon;
				INFOPLIST_FILE = "CoreImageTest\\/Info.plist";
				IPHONEOS_DEPLOYMENT_TARGET = 8.0;
				LD_RUNPATH_SEARCH_PATHS = "$(inherited) @executable_path/Frameworks";
				PRODUCT_BUNDLE_IDENTIFIER = sustc.micoder.CoreImageTest;
				PRODUCT_NAME = CoreImageTest;
			};
			name = Debug;
		};
		C4A6FD801D615A1900554097 /* Release */ = {
			isa = XCBuildConfiguration;
			buildSettings = {
				ASSETCATALOG_COMPILER_APPICON_NAME = AppIcon;
				INFOPLIST_FILE = "CoreImageTest\\/Info.plist";
				IPHONEOS_DEPLOYMENT_TARGET = 8.0;
				LD_RUNPATH_SEARCH_PATHS = "$(inherited) @executable_path/Frameworks";
				PRODUCT_BUNDLE_IDENTIFIER = sustc.micoder.CoreImageTest;
				PRODUCT_NAME = CoreImageTest;
			};
			name = Release;
		};
/* End XCBuildConfiguration section */

/* Begin XCConfigurationList section */
		C4A6FD671D615A1800554097 /* Build configuration list for PBXProject "CoreImageTest" */ = {
			isa = XCConfigurationList;
			buildConfigurations = (
				C4A6FD7C1D615A1900554097 /* Debug */,
				C4A6FD7D1D615A1900554097 /* Release */,
			);
			defaultConfigurationIsVisible = 0;
			defaultConfigurationName = Release;
		};
		C4A6FD7E1D615A1900554097 /* Build configuration list for PBXNativeTarget "CoreImageTest" */ = {
			isa = XCConfigurationList;
			buildConfigurations = (
				C4A6FD7F1D615A1900554097 /* Debug */,
				C4A6FD801D615A1900554097 /* Release */,
			);
			defaultConfigurationIsVisible = 0;
			defaultConfigurationName = Release;
		};
/* End XCConfigurationList section */
	};
	rootObject = C4A6FD641D615A1800554097 /* Project object */;
}
